
Microsoft Visual Studio Solution File, Format Version 12.00
# Visual Studio Version 16
VisualStudioVersion = 16.0.810.16
MinimumVisualStudioVersion = 10.0.40219.1
Project("{FAE04EC0-301F-11D3-BF4B-00C04F79EFBC}") = "CalastoneCandidateTest", "CalastoneCandidateTest\CalastoneCandidateTest.csproj", "{1AD196D5-6382-4856-BF45-36BF7242AB46}"
EndProject
Global
	GlobalSection(SolutionConfigurationPlatforms) = preSolution
		Debug|Any CPU = Debug|Any CPU
		Release|Any CPU = Release|Any CPU
	EndGlobalSection
	GlobalSection(ProjectConfigurationPlatforms) = postSolution
		{1AD196D5-6382-4856-BF45-36BF7242AB46}.Debug|Any CPU.ActiveCfg = Debug|Any CPU
		{1AD196D5-6382-4856-BF45-36BF7242AB46}.Debug|Any CPU.Build.0 = Debug|Any CPU
		{1AD196D5-6382-4856-BF45-36BF7242AB46}.Release|Any CPU.ActiveCfg = Release|Any CPU
		{1AD196D5-6382-4856-BF45-36BF7242AB46}.Release|Any CPU.Build.0 = Release|Any CPU
	EndGlobalSection
	GlobalSection(SolutionProperties) = preSolution
		HideSolutionNode = FALSE
	EndGlobalSection
	GlobalSection(ExtensibilityGlobals) = postSolution
		SolutionGuid = {EB5A484E-9C00-46CC-AD0D-20154EDABD02}
	EndGlobalSection
EndGlobal
